
Microsoft Visual Studio Solution File, Format Version 12.00
# Visual Studio Version 17
VisualStudioVersion = 17.14.36414.22
MinimumVisualStudioVersion = 10.0.40219.1
Project("{FAE04EC0-301F-11D3-BF4B-00C04F79EFBC}") = "PspRouter.Lib", "PspRouter.Lib\PspRouter.Lib.csproj", "{77951511-A0E9-4A70-BC3F-8BFABB19A263}"
EndProject
Project("{FAE04EC0-301F-11D3-BF4B-00C04F79EFBC}") = "PspRouter.API", "PspRouter.API\PspRouter.API.csproj", "{990FA884-0B82-45D3-AAE0-E086F156E29A}"
EndProject
Project("{FAE04EC0-301F-11D3-BF4B-00C04F79EFBC}") = "PspRouter.Tests", "PspRouter.Tests\PspRouter.Tests.csproj", "{00FF3D64-F501-47CF-A517-4C58981B149D}"
EndProject
Project("{2150E333-8FDC-42A3-9474-1A3956D46DE8}") = "Solution Items", "Solution Items", "{8EC462FD-D22E-90A8-E5CE-7E832BA40C5D}"
	ProjectSection(SolutionItems) = preProject
		AI-ML-CONCEPTS.md = AI-ML-CONCEPTS.md
		README.md = README.md
		setup-database.sql = setup-database.sql
		TODO.md = TODO.md
	EndProjectSection
EndProject
Project("{FAE04EC0-301F-11D3-BF4B-00C04F79EFBC}") = "PspRouter.Trainer", "PspRouter.Trainer\PspRouter.Trainer.csproj", "{4D62F102-39A8-D677-E535-4CEAE52980A9}"
EndProject
Project("{FAE04EC0-301F-11D3-BF4B-00C04F79EFBC}") = "PspRouter.Client", "..\FineTunedModelVariant\PspRouter.Client\PspRouter.Client.csproj", "{34C2EEC6-E1E2-7DEF-7E42-05F4DDE561BA}"
EndProject
Global
	GlobalSection(SolutionConfigurationPlatforms) = preSolution
		Debug|Any CPU = Debug|Any CPU
		Debug|x64 = Debug|x64
		Debug|x86 = Debug|x86
		Release|Any CPU = Release|Any CPU
		Release|x64 = Release|x64
		Release|x86 = Release|x86
	EndGlobalSection
	GlobalSection(ProjectConfigurationPlatforms) = postSolution
		{77951511-A0E9-4A70-BC3F-8BFABB19A263}.Debug|Any CPU.ActiveCfg = Debug|Any CPU
		{77951511-A0E9-4A70-BC3F-8BFABB19A263}.Debug|Any CPU.Build.0 = Debug|Any CPU
		{77951511-A0E9-4A70-BC3F-8BFABB19A263}.Debug|x64.ActiveCfg = Debug|Any CPU
		{77951511-A0E9-4A70-BC3F-8BFABB19A263}.Debug|x64.Build.0 = Debug|Any CPU
		{77951511-A0E9-4A70-BC3F-8BFABB19A263}.Debug|x86.ActiveCfg = Debug|Any CPU
		{77951511-A0E9-4A70-BC3F-8BFABB19A263}.Debug|x86.Build.0 = Debug|Any CPU
		{77951511-A0E9-4A70-BC3F-8BFABB19A263}.Release|Any CPU.ActiveCfg = Release|Any CPU
		{77951511-A0E9-4A70-BC3F-8BFABB19A263}.Release|Any CPU.Build.0 = Release|Any CPU
		{77951511-A0E9-4A70-BC3F-8BFABB19A263}.Release|x64.ActiveCfg = Release|Any CPU
		{77951511-A0E9-4A70-BC3F-8BFABB19A263}.Release|x64.Build.0 = Release|Any CPU
		{77951511-A0E9-4A70-BC3F-8BFABB19A263}.Release|x86.ActiveCfg = Release|Any CPU
		{77951511-A0E9-4A70-BC3F-8BFABB19A263}.Release|x86.Build.0 = Release|Any CPU
		{990FA884-0B82-45D3-AAE0-E086F156E29A}.Debug|Any CPU.ActiveCfg = Debug|Any CPU
		{990FA884-0B82-45D3-AAE0-E086F156E29A}.Debug|Any CPU.Build.0 = Debug|Any CPU
		{990FA884-0B82-45D3-AAE0-E086F156E29A}.Debug|x64.ActiveCfg = Debug|Any CPU
		{990FA884-0B82-45D3-AAE0-E086F156E29A}.Debug|x64.Build.0 = Debug|Any CPU
		{990FA884-0B82-45D3-AAE0-E086F156E29A}.Debug|x86.ActiveCfg = Debug|Any CPU
		{990FA884-0B82-45D3-AAE0-E086F156E29A}.Debug|x86.Build.0 = Debug|Any CPU
		{990FA884-0B82-45D3-AAE0-E086F156E29A}.Release|Any CPU.ActiveCfg = Release|Any CPU
		{990FA884-0B82-45D3-AAE0-E086F156E29A}.Release|Any CPU.Build.0 = Release|Any CPU
		{990FA884-0B82-45D3-AAE0-E086F156E29A}.Release|x64.ActiveCfg = Release|Any CPU
		{990FA884-0B82-45D3-AAE0-E086F156E29A}.Release|x64.Build.0 = Release|Any CPU
		{990FA884-0B82-45D3-AAE0-E086F156E29A}.Release|x86.ActiveCfg = Release|Any CPU
		{990FA884-0B82-45D3-AAE0-E086F156E29A}.Release|x86.Build.0 = Release|Any CPU
		{00FF3D64-F501-47CF-A517-4C58981B149D}.Debug|Any CPU.ActiveCfg = Debug|Any CPU
		{00FF3D64-F501-47CF-A517-4C58981B149D}.Debug|Any CPU.Build.0 = Debug|Any CPU
		{00FF3D64-F501-47CF-A517-4C58981B149D}.Debug|x64.ActiveCfg = Debug|Any CPU
		{00FF3D64-F501-47CF-A517-4C58981B149D}.Debug|x64.Build.0 = Debug|Any CPU
		{00FF3D64-F501-47CF-A517-4C58981B149D}.Debug|x86.ActiveCfg = Debug|Any CPU
		{00FF3D64-F501-47CF-A517-4C58981B149D}.Debug|x86.Build.0 = Debug|Any CPU
		{00FF3D64-F501-47CF-A517-4C58981B149D}.Release|Any CPU.ActiveCfg = Release|Any CPU
		{00FF3D64-F501-47CF-A517-4C58981B149D}.Release|Any CPU.Build.0 = Release|Any CPU
		{00FF3D64-F501-47CF-A517-4C58981B149D}.Release|x64.ActiveCfg = Release|Any CPU
		{00FF3D64-F501-47CF-A517-4C58981B149D}.Release|x64.Build.0 = Release|Any CPU
		{00FF3D64-F501-47CF-A517-4C58981B149D}.Release|x86.ActiveCfg = Release|Any CPU
		{00FF3D64-F501-47CF-A517-4C58981B149D}.Release|x86.Build.0 = Release|Any CPU
		{4D62F102-39A8-D677-E535-4CEAE52980A9}.Debug|Any CPU.ActiveCfg = Debug|Any CPU
		{4D62F102-39A8-D677-E535-4CEAE52980A9}.Debug|Any CPU.Build.0 = Debug|Any CPU
		{4D62F102-39A8-D677-E535-4CEAE52980A9}.Debug|x64.ActiveCfg = Debug|Any CPU
		{4D62F102-39A8-D677-E535-4CEAE52980A9}.Debug|x64.Build.0 = Debug|Any CPU
		{4D62F102-39A8-D677-E535-4CEAE52980A9}.Debug|x86.ActiveCfg = Debug|Any CPU
		{4D62F102-39A8-D677-E535-4CEAE52980A9}.Debug|x86.Build.0 = Debug|Any CPU
		{4D62F102-39A8-D677-E535-4CEAE52980A9}.Release|Any CPU.ActiveCfg = Release|Any CPU
		{4D62F102-39A8-D677-E535-4CEAE52980A9}.Release|Any CPU.Build.0 = Release|Any CPU
		{4D62F102-39A8-D677-E535-4CEAE52980A9}.Release|x64.ActiveCfg = Release|Any CPU
		{4D62F102-39A8-D677-E535-4CEAE52980A9}.Release|x64.Build.0 = Release|Any CPU
		{4D62F102-39A8-D677-E535-4CEAE52980A9}.Release|x86.ActiveCfg = Release|Any CPU
		{4D62F102-39A8-D677-E535-4CEAE52980A9}.Release|x86.Build.0 = Release|Any CPU
		{34C2EEC6-E1E2-7DEF-7E42-05F4DDE561BA}.Debug|Any CPU.ActiveCfg = Debug|Any CPU
		{34C2EEC6-E1E2-7DEF-7E42-05F4DDE561BA}.Debug|Any CPU.Build.0 = Debug|Any CPU
		{34C2EEC6-E1E2-7DEF-7E42-05F4DDE561BA}.Debug|x64.ActiveCfg = Debug|Any CPU
		{34C2EEC6-E1E2-7DEF-7E42-05F4DDE561BA}.Debug|x64.Build.0 = Debug|Any CPU
		{34C2EEC6-E1E2-7DEF-7E42-05F4DDE561BA}.Debug|x86.ActiveCfg = Debug|Any CPU
		{34C2EEC6-E1E2-7DEF-7E42-05F4DDE561BA}.Debug|x86.Build.0 = Debug|Any CPU
		{34C2EEC6-E1E2-7DEF-7E42-05F4DDE561BA}.Release|Any CPU.ActiveCfg = Release|Any CPU
		{34C2EEC6-E1E2-7DEF-7E42-05F4DDE561BA}.Release|Any CPU.Build.0 = Release|Any CPU
		{34C2EEC6-E1E2-7DEF-7E42-05F4DDE561BA}.Release|x64.ActiveCfg = Release|Any CPU
		{34C2EEC6-E1E2-7DEF-7E42-05F4DDE561BA}.Release|x64.Build.0 = Release|Any CPU
		{34C2EEC6-E1E2-7DEF-7E42-05F4DDE561BA}.Release|x86.ActiveCfg = Release|Any CPU
		{34C2EEC6-E1E2-7DEF-7E42-05F4DDE561BA}.Release|x86.Build.0 = Release|Any CPU
	EndGlobalSection
	GlobalSection(SolutionProperties) = preSolution
		HideSolutionNode = FALSE
	EndGlobalSection
	GlobalSection(NestedProjects) = preSolution
		{34C2EEC6-E1E2-7DEF-7E42-05F4DDE561BA} = {8EC462FD-D22E-90A8-E5CE-7E832BA40C5D}
	EndGlobalSection
	GlobalSection(ExtensibilityGlobals) = postSolution
		SolutionGuid = {654D00C3-CC88-450F-B180-7D0D9897E7F4}
	EndGlobalSection
EndGlobal
